// !$*UTF8*$!
{
	archiveVersion = 1;
	classes = {
	};
	objectVersion = 50;
	objects = {

/* Begin PBXBuildFile section */
		D230958F2261FCDB00A657C3 /* AppDelegate.m in Sources */ = {isa = PBXBuildFile; fileRef = D230958E2261FCDB00A657C3 /* AppDelegate.m */; };
		D23095922261FCDB00A657C3 /* ViewController.mm in Sources */ = {isa = PBXBuildFile; fileRef = D23095912261FCDB00A657C3 /* ViewController.mm */; };
		D23095942261FCDC00A657C3 /* Assets.xcassets in Resources */ = {isa = PBXBuildFile; fileRef = D23095932261FCDC00A657C3 /* Assets.xcassets */; };
		D23095972261FCDC00A657C3 /* Main.storyboard in Resources */ = {isa = PBXBuildFile; fileRef = D23095952261FCDC00A657C3 /* Main.storyboard */; };
		D230959A2261FCDC00A657C3 /* main.m in Sources */ = {isa = PBXBuildFile; fileRef = D23095992261FCDC00A657C3 /* main.m */; };
		D273020A2299DFD300A443D5 /* bunny.bin in Resources */ = {isa = PBXBuildFile; fileRef = D27302092299DFD300A443D5 /* bunny.bin */; };
		D2D7F4AF22A5CD1F00265EA1 /* View.m in Sources */ = {isa = PBXBuildFile; fileRef = D2D7F4AE22A5CD1F00265EA1 /* View.m */; };
/* End PBXBuildFile section */

/* Begin PBXFileReference section */
		D20615022278D913000B5FB8 /* GLKit.framework */ = {isa = PBXFileReference; lastKnownFileType = wrapper.framework; name = GLKit.framework; path = System/Library/Frameworks/GLKit.framework; sourceTree = SDKROOT; };
		D230958A2261FCDB00A657C3 /* SimpleCPURaster.app */ = {isa = PBXFileReference; explicitFileType = wrapper.application; includeInIndex = 0; path = SimpleCPURaster.app; sourceTree = BUILT_PRODUCTS_DIR; };
		D230958D2261FCDB00A657C3 /* AppDelegate.h */ = {isa = PBXFileReference; lastKnownFileType = sourcecode.c.h; path = AppDelegate.h; sourceTree = "<group>"; };
		D230958E2261FCDB00A657C3 /* AppDelegate.m */ = {isa = PBXFileReference; lastKnownFileType = sourcecode.c.objc; path = AppDelegate.m; sourceTree = "<group>"; };
		D23095902261FCDB00A657C3 /* ViewController.h */ = {isa = PBXFileReference; lastKnownFileType = sourcecode.c.h; path = ViewController.h; sourceTree = "<group>"; };
		D23095912261FCDB00A657C3 /* ViewController.mm */ = {isa = PBXFileReference; lastKnownFileType = sourcecode.cpp.objcpp; path = ViewController.mm; sourceTree = "<group>"; };
		D23095932261FCDC00A657C3 /* Assets.xcassets */ = {isa = PBXFileReference; lastKnownFileType = folder.assetcatalog; path = Assets.xcassets; sourceTree = "<group>"; };
		D23095962261FCDC00A657C3 /* Base */ = {isa = PBXFileReference; lastKnownFileType = file.storyboard; name = Base; path = Base.lproj/Main.storyboard; sourceTree = "<group>"; };
		D23095982261FCDC00A657C3 /* Info.plist */ = {isa = PBXFileReference; lastKnownFileType = text.plist.xml; path = Info.plist; sourceTree = "<group>"; };
		D23095992261FCDC00A657C3 /* main.m */ = {isa = PBXFileReference; lastKnownFileType = sourcecode.c.objc; path = main.m; sourceTree = "<group>"; };
		D230959B2261FCDC00A657C3 /* CPURaster.entitlements */ = {isa = PBXFileReference; lastKnownFileType = text.plist.entitlements; path = CPURaster.entitlements; sourceTree = "<group>"; };
		D27302092299DFD300A443D5 /* bunny.bin */ = {isa = PBXFileReference; lastKnownFileType = archive.macbinary; path = bunny.bin; sourceTree = SOURCE_ROOT; };
		D2B6206524705DAD0005E76E /* PipelineInterface.hpp */ = {isa = PBXFileReference; fileEncoding = 4; lastKnownFileType = sourcecode.cpp.h; path = PipelineInterface.hpp; sourceTree = "<group>"; };
		D2B6206624705DAD0005E76E /* Raster.hpp */ = {isa = PBXFileReference; fileEncoding = 4; lastKnownFileType = sourcecode.cpp.h; path = Raster.hpp; sourceTree = "<group>"; };
		D2B6206724705DAD0005E76E /* SimplePipeline.hpp */ = {isa = PBXFileReference; fileEncoding = 4; lastKnownFileType = sourcecode.cpp.h; path = SimplePipeline.hpp; sourceTree = "<group>"; };
		D2B6206824705DAD0005E76E /* Framebuffer.hpp */ = {isa = PBXFileReference; fileEncoding = 4; lastKnownFileType = sourcecode.cpp.h; path = Framebuffer.hpp; sourceTree = "<group>"; };
		D2B6206924705DAD0005E76E /* Math.h */ = {isa = PBXFileReference; fileEncoding = 4; lastKnownFileType = sourcecode.c.h; path = Math.h; sourceTree = "<group>"; };
		D2B6206A24705DAD0005E76E /* Resource.hpp */ = {isa = PBXFileReference; fileEncoding = 4; lastKnownFileType = sourcecode.cpp.h; path = Resource.hpp; sourceTree = "<group>"; };
		D2D7F4AD22A5CD1F00265EA1 /* View.h */ = {isa = PBXFileReference; lastKnownFileType = sourcecode.c.h; path = View.h; sourceTree = "<group>"; };
		D2D7F4AE22A5CD1F00265EA1 /* View.m */ = {isa = PBXFileReference; lastKnownFileType = sourcecode.c.objc; path = View.m; sourceTree = "<group>"; };
/* End PBXFileReference section */

/* Begin PBXFrameworksBuildPhase section */
		D23095872261FCDB00A657C3 /* Frameworks */ = {
			isa = PBXFrameworksBuildPhase;
			buildActionMask = 2147483647;
			files = (
			);
			runOnlyForDeploymentPostprocessing = 0;
		};
/* End PBXFrameworksBuildPhase section */

/* Begin PBXGroup section */
		D20615012278D913000B5FB8 /* Frameworks */ = {
			isa = PBXGroup;
			children = (
				D20615022278D913000B5FB8 /* GLKit.framework */,
			);
			name = Frameworks;
			sourceTree = "<group>";
		};
		D23095812261FCDB00A657C3 = {
			isa = PBXGroup;
			children = (
				D230958C2261FCDB00A657C3 /* SimpleCPURaster */,
				D230958B2261FCDB00A657C3 /* Products */,
				D20615012278D913000B5FB8 /* Frameworks */,
			);
			sourceTree = "<group>";
		};
		D230958B2261FCDB00A657C3 /* Products */ = {
			isa = PBXGroup;
			children = (
				D230958A2261FCDB00A657C3 /* SimpleCPURaster.app */,
			);
			name = Products;
			sourceTree = "<group>";
		};
		D230958C2261FCDB00A657C3 /* SimpleCPURaster */ = {
			isa = PBXGroup;
			children = (
				D230958D2261FCDB00A657C3 /* AppDelegate.h */,
				D230958E2261FCDB00A657C3 /* AppDelegate.m */,
				D23095902261FCDB00A657C3 /* ViewController.h */,
				D23095912261FCDB00A657C3 /* ViewController.mm */,
				D2D7F4AD22A5CD1F00265EA1 /* View.h */,
				D2D7F4AE22A5CD1F00265EA1 /* View.m */,
				D2B6206424705DAD0005E76E /* raster */,
				D27302092299DFD300A443D5 /* bunny.bin */,
				D23095932261FCDC00A657C3 /* Assets.xcassets */,
				D23095952261FCDC00A657C3 /* Main.storyboard */,
				D23095982261FCDC00A657C3 /* Info.plist */,
				D23095992261FCDC00A657C3 /* main.m */,
				D230959B2261FCDC00A657C3 /* CPURaster.entitlements */,
			);
			path = SimpleCPURaster;
			sourceTree = "<group>";
		};
		D2B6206424705DAD0005E76E /* raster */ = {
			isa = PBXGroup;
			children = (
				D2B6206524705DAD0005E76E /* PipelineInterface.hpp */,
				D2B6206624705DAD0005E76E /* Raster.hpp */,
				D2B6206724705DAD0005E76E /* SimplePipeline.hpp */,
				D2B6206824705DAD0005E76E /* Framebuffer.hpp */,
				D2B6206924705DAD0005E76E /* Math.h */,
				D2B6206A24705DAD0005E76E /* Resource.hpp */,
			);
			path = raster;
			sourceTree = SOURCE_ROOT;
		};
/* End PBXGroup section */

/* Begin PBXNativeTarget section */
		D23095892261FCDB00A657C3 /* SimpleCPURaster */ = {
			isa = PBXNativeTarget;
			buildConfigurationList = D230959E2261FCDC00A657C3 /* Build configuration list for PBXNativeTarget "SimpleCPURaster" */;
			buildPhases = (
				D23095862261FCDB00A657C3 /* Sources */,
				D23095872261FCDB00A657C3 /* Frameworks */,
				D23095882261FCDB00A657C3 /* Resources */,
			);
			buildRules = (
			);
			dependencies = (
			);
			name = SimpleCPURaster;
			productName = CPURaster;
			productReference = D230958A2261FCDB00A657C3 /* SimpleCPURaster.app */;
			productType = "com.apple.product-type.application";
		};
/* End PBXNativeTarget section */

/* Begin PBXProject section */
		D23095822261FCDB00A657C3 /* Project object */ = {
			isa = PBXProject;
			attributes = {
				LastUpgradeCheck = 1020;
				ORGANIZATIONNAME = "Volodymyr Boichentsov";
				TargetAttributes = {
					D23095892261FCDB00A657C3 = {
						CreatedOnToolsVersion = 10.2;
					};
				};
			};
			buildConfigurationList = D23095852261FCDB00A657C3 /* Build configuration list for PBXProject "SimpleCPURaster" */;
			compatibilityVersion = "Xcode 9.3";
			developmentRegion = en;
			hasScannedForEncodings = 0;
			knownRegions = (
				en,
				Base,
			);
			mainGroup = D23095812261FCDB00A657C3;
			productRefGroup = D230958B2261FCDB00A657C3 /* Products */;
			projectDirPath = "";
			projectRoot = "";
			targets = (
				D23095892261FCDB00A657C3 /* SimpleCPURaster */,
			);
		};
/* End PBXProject section */

/* Begin PBXResourcesBuildPhase section */
		D23095882261FCDB00A657C3 /* Resources */ = {
			isa = PBXResourcesBuildPhase;
			buildActionMask = 2147483647;
			files = (
				D23095942261FCDC00A657C3 /* Assets.xcassets in Resources */,
				D23095972261FCDC00A657C3 /* Main.storyboard in Resources */,
				D273020A2299DFD300A443D5 /* bunny.bin in Resources */,
			);
			runOnlyForDeploymentPostprocessing = 0;
		};
/* End PBXResourcesBuildPhase section */

/* Begin PBXSourcesBuildPhase section */
		D23095862261FCDB00A657C3 /* Sources */ = {
			isa = PBXSourcesBuildPhase;
			buildActionMask = 2147483647;
			files = (
				D23095922261FCDB00A657C3 /* ViewController.mm in Sources */,
				D2D7F4AF22A5CD1F00265EA1 /* View.m in Sources */,
				D230959A2261FCDC00A657C3 /* main.m in Sources */,
				D230958F2261FCDB00A657C3 /* AppDelegate.m in Sources */,
			);
			runOnlyForDeploymentPostprocessing = 0;
		};
/* End PBXSourcesBuildPhase section */

/* Begin PBXVariantGroup section */
		D23095952261FCDC00A657C3 /* Main.storyboard */ = {
			isa = PBXVariantGroup;
			children = (
				D23095962261FCDC00A657C3 /* Base */,
			);
			name = Main.storyboard;
			sourceTree = "<group>";
		};
/* End PBXVariantGroup section */

/* Begin XCBuildConfiguration section */
		D230959C2261FCDC00A657C3 /* Debug */ = {
			isa = XCBuildConfiguration;
			buildSettings = {
				ALWAYS_SEARCH_USER_PATHS = NO;
				CLANG_ANALYZER_NONNULL = YES;
				CLANG_ANALYZER_NUMBER_OBJECT_CONVERSION = YES_AGGRESSIVE;
				CLANG_CXX_LANGUAGE_STANDARD = "gnu++14";
				CLANG_CXX_LIBRARY = "libc++";
				CLANG_ENABLE_MODULES = YES;
				CLANG_ENABLE_OBJC_ARC = YES;
				CLANG_ENABLE_OBJC_WEAK = YES;
				CLANG_WARN_BLOCK_CAPTURE_AUTORELEASING = YES;
				CLANG_WARN_BOOL_CONVERSION = YES;
				CLANG_WARN_COMMA = YES;
				CLANG_WARN_CONSTANT_CONVERSION = YES;
				CLANG_WARN_DEPRECATED_OBJC_IMPLEMENTATIONS = YES;
				CLANG_WARN_DIRECT_OBJC_ISA_USAGE = YES_ERROR;
				CLANG_WARN_DOCUMENTATION_COMMENTS = YES;
				CLANG_WARN_EMPTY_BODY = YES;
				CLANG_WARN_ENUM_CONVERSION = YES;
				CLANG_WARN_INFINITE_RECURSION = YES;
				CLANG_WARN_INT_CONVERSION = YES;
				CLANG_WARN_NON_LITERAL_NULL_CONVERSION = YES;
				CLANG_WARN_OBJC_IMPLICIT_RETAIN_SELF = YES;
				CLANG_WARN_OBJC_LITERAL_CONVERSION = YES;
				CLANG_WARN_OBJC_ROOT_CLASS = YES_ERROR;
				CLANG_WARN_RANGE_LOOP_ANALYSIS = YES;
				CLANG_WARN_STRICT_PROTOTYPES = YES;
				CLANG_WARN_SUSPICIOUS_MOVE = YES;
				CLANG_WARN_UNGUARDED_AVAILABILITY = YES_AGGRESSIVE;
				CLANG_WARN_UNREACHABLE_CODE = YES;
				CLANG_WARN__DUPLICATE_METHOD_MATCH = YES;
				CODE_SIGN_IDENTITY = "Mac Developer";
				COPY_PHASE_STRIP = NO;
				DEBUG_INFORMATION_FORMAT = dwarf;
				ENABLE_STRICT_OBJC_MSGSEND = YES;
				ENABLE_TESTABILITY = YES;
				GCC_C_LANGUAGE_STANDARD = gnu11;
				GCC_DYNAMIC_NO_PIC = NO;
				GCC_NO_COMMON_BLOCKS = YES;
				GCC_OPTIMIZATION_LEVEL = 0;
				GCC_PREPROCESSOR_DEFINITIONS = (
					"DEBUG=1",
					"$(inherited)",
				);
				GCC_WARN_64_TO_32_BIT_CONVERSION = YES;
				GCC_WARN_ABOUT_RETURN_TYPE = YES_ERROR;
				GCC_WARN_UNDECLARED_SELECTOR = YES;
				GCC_WARN_UNINITIALIZED_AUTOS = YES_AGGRESSIVE;
				GCC_WARN_UNUSED_FUNCTION = YES;
				GCC_WARN_UNUSED_VARIABLE = YES;
				HEADER_SEARCH_PATHS = "$(SRCROOT)/glm";
				MACOSX_DEPLOYMENT_TARGET = 10.14;
				MTL_ENABLE_DEBUG_INFO = INCLUDE_SOURCE;
				MTL_FAST_MATH = YES;
				ONLY_ACTIVE_ARCH = YES;
				SDKROOT = macosx;
			};
			name = Debug;
		};
		D230959D2261FCDC00A657C3 /* Release */ = {
			isa = XCBuildConfiguration;
			buildSettings = {
				ALWAYS_SEARCH_USER_PATHS = NO;
				CLANG_ANALYZER_NONNULL = YES;
				CLANG_ANALYZER_NUMBER_OBJECT_CONVERSION = YES_AGGRESSIVE;
				CLANG_CXX_LANGUAGE_STANDARD = "gnu++14";
				CLANG_CXX_LIBRARY = "libc++";
				CLANG_ENABLE_MODULES = YES;
				CLANG_ENABLE_OBJC_ARC = YES;
				CLANG_ENABLE_OBJC_WEAK = YES;
				CLANG_WARN_BLOCK_CAPTURE_AUTORELEASING = YES;
				CLANG_WARN_BOOL_CONVERSION = YES;
				CLANG_WARN_COMMA = YES;
				CLANG_WARN_CONSTANT_CONVERSION = YES;
				CLANG_WARN_DEPRECATED_OBJC_IMPLEMENTATIONS = YES;
				CLANG_WARN_DIRECT_OBJC_ISA_USAGE = YES_ERROR;
				CLANG_WARN_DOCUMENTATION_COMMENTS = YES;
				CLANG_WARN_EMPTY_BODY = YES;
				CLANG_WARN_ENUM_CONVERSION = YES;
				CLANG_WARN_INFINITE_RECURSION = YES;
				CLANG_WARN_INT_CONVERSION = YES;
				CLANG_WARN_NON_LITERAL_NULL_CONVERSION = YES;
				CLANG_WARN_OBJC_IMPLICIT_RETAIN_SELF = YES;
				CLANG_WARN_OBJC_LITERAL_CONVERSION = YES;
				CLANG_WARN_OBJC_ROOT_CLASS = YES_ERROR;
				CLANG_WARN_RANGE_LOOP_ANALYSIS = YES;
				CLANG_WARN_STRICT_PROTOTYPES = YES;
				CLANG_WARN_SUSPICIOUS_MOVE = YES;
				CLANG_WARN_UNGUARDED_AVAILABILITY = YES_AGGRESSIVE;
				CLANG_WARN_UNREACHABLE_CODE = YES;
				CLANG_WARN__DUPLICATE_METHOD_MATCH = YES;
				CODE_SIGN_IDENTITY = "Mac Developer";
				COPY_PHASE_STRIP = NO;
				DEBUG_INFORMATION_FORMAT = "dwarf-with-dsym";
				ENABLE_NS_ASSERTIONS = NO;
				ENABLE_STRICT_OBJC_MSGSEND = YES;
				GCC_C_LANGUAGE_STANDARD = gnu11;
				GCC_NO_COMMON_BLOCKS = YES;
				GCC_WARN_64_TO_32_BIT_CONVERSION = YES;
				GCC_WARN_ABOUT_RETURN_TYPE = YES_ERROR;
				GCC_WARN_UNDECLARED_SELECTOR = YES;
				GCC_WARN_UNINITIALIZED_AUTOS = YES_AGGRESSIVE;
				GCC_WARN_UNUSED_FUNCTION = YES;
				GCC_WARN_UNUSED_VARIABLE = YES;
				HEADER_SEARCH_PATHS = "$(SRCROOT)/glm";
				MACOSX_DEPLOYMENT_TARGET = 10.14;
				MTL_ENABLE_DEBUG_INFO = NO;
				MTL_FAST_MATH = YES;
				SDKROOT = macosx;
			};
			name = Release;
		};
		D230959F2261FCDC00A657C3 /* Debug */ = {
			isa = XCBuildConfiguration;
			buildSettings = {
				ASSETCATALOG_COMPILER_APPICON_NAME = AppIcon;
				CODE_SIGN_ENTITLEMENTS = SimpleCPURaster/CPURaster.entitlements;
				CODE_SIGN_IDENTITY = "-";
				CODE_SIGN_STYLE = Automatic;
				COMBINE_HIDPI_IMAGES = YES;
				DEVELOPMENT_TEAM = "";
				INFOPLIST_FILE = SimpleCPURaster/Info.plist;
				LD_RUNPATH_SEARCH_PATHS = (
					"$(inherited)",
					"@executable_path/../Frameworks",
				);
				PRODUCT_BUNDLE_IDENTIFIER = com.sakrist.CPURaster;
				PRODUCT_NAME = "$(TARGET_NAME)";
			};
			name = Debug;
		};
		D23095A02261FCDC00A657C3 /* Release */ = {
			isa = XCBuildConfiguration;
			buildSettings = {
				ASSETCATALOG_COMPILER_APPICON_NAME = AppIcon;
				CODE_SIGN_ENTITLEMENTS = SimpleCPURaster/CPURaster.entitlements;
				CODE_SIGN_IDENTITY = "-";
				CODE_SIGN_STYLE = Automatic;
				COMBINE_HIDPI_IMAGES = YES;
				DEVELOPMENT_TEAM = "";
				INFOPLIST_FILE = SimpleCPURaster/Info.plist;
				LD_RUNPATH_SEARCH_PATHS = (
					"$(inherited)",
					"@executable_path/../Frameworks",
				);
				PRODUCT_BUNDLE_IDENTIFIER = com.sakrist.CPURaster;
				PRODUCT_NAME = "$(TARGET_NAME)";
			};
			name = Release;
		};
/* End XCBuildConfiguration section */

/* Begin XCConfigurationList section */
		D23095852261FCDB00A657C3 /* Build configuration list for PBXProject "SimpleCPURaster" */ = {
			isa = XCConfigurationList;
			buildConfigurations = (
				D230959C2261FCDC00A657C3 /* Debug */,
				D230959D2261FCDC00A657C3 /* Release */,
			);
			defaultConfigurationIsVisible = 0;
			defaultConfigurationName = Release;
		};
		D230959E2261FCDC00A657C3 /* Build configuration list for PBXNativeTarget "SimpleCPURaster" */ = {
			isa = XCConfigurationList;
			buildConfigurations = (
				D230959F2261FCDC00A657C3 /* Debug */,
				D23095A02261FCDC00A657C3 /* Release */,
			);
			defaultConfigurationIsVisible = 0;
			defaultConfigurationName = Release;
		};
/* End XCConfigurationList section */
	};
	rootObject = D23095822261FCDB00A657C3 /* Project object */;
}
